
Microsoft Visual Studio Solution File, Format Version 12.00
# Visual Studio 15
Project("{FAE04EC0-301F-11D3-BF4B-00C04F79EFBC}") = "Assembly-CSharp", "Assembly-CSharp.csproj", "{10135507-736C-47F5-C323-E21F25D6B777}"
EndProject
Project("{FAE04EC0-301F-11D3-BF4B-00C04F79EFBC}") = "Assembly-CSharp-firstpass", "Assembly-CSharp-firstpass.csproj", "{F4CBD02B-E329-1E0D-1726-7D1AE4981EBF}"
EndProject
Project("{FAE04EC0-301F-11D3-BF4B-00C04F79EFBC}") = "Assembly-CSharp-Editor", "Assembly-CSharp-Editor.csproj", "{1BE96885-5572-B36F-8002-77812E54EAAD}"
EndProject
Project("{FAE04EC0-301F-11D3-BF4B-00C04F79EFBC}") = "Assembly-CSharp-Editor-firstpass", "Assembly-CSharp-Editor-firstpass.csproj", "{264DC7FF-BDCD-AB8B-CBB5-8804ADF18634}"
EndProject
Global
	GlobalSection(SolutionConfigurationPlatforms) = preSolution
		Debug|Any CPU = Debug|Any CPU
		Release|Any CPU = Release|Any CPU
	EndGlobalSection
	GlobalSection(ProjectConfigurationPlatforms) = postSolution
		{10135507-736C-47F5-C323-E21F25D6B777}.Debug|Any CPU.ActiveCfg = Debug|Any CPU
		{10135507-736C-47F5-C323-E21F25D6B777}.Debug|Any CPU.Build.0 = Debug|Any CPU
		{10135507-736C-47F5-C323-E21F25D6B777}.Release|Any CPU.ActiveCfg = Release|Any CPU
		{10135507-736C-47F5-C323-E21F25D6B777}.Release|Any CPU.Build.0 = Release|Any CPU
		{F4CBD02B-E329-1E0D-1726-7D1AE4981EBF}.Debug|Any CPU.ActiveCfg = Debug|Any CPU
		{F4CBD02B-E329-1E0D-1726-7D1AE4981EBF}.Debug|Any CPU.Build.0 = Debug|Any CPU
		{F4CBD02B-E329-1E0D-1726-7D1AE4981EBF}.Release|Any CPU.ActiveCfg = Release|Any CPU
		{F4CBD02B-E329-1E0D-1726-7D1AE4981EBF}.Release|Any CPU.Build.0 = Release|Any CPU
		{1BE96885-5572-B36F-8002-77812E54EAAD}.Debug|Any CPU.ActiveCfg = Debug|Any CPU
		{1BE96885-5572-B36F-8002-77812E54EAAD}.Debug|Any CPU.Build.0 = Debug|Any CPU
		{1BE96885-5572-B36F-8002-77812E54EAAD}.Release|Any CPU.ActiveCfg = Release|Any CPU
		{1BE96885-5572-B36F-8002-77812E54EAAD}.Release|Any CPU.Build.0 = Release|Any CPU
		{264DC7FF-BDCD-AB8B-CBB5-8804ADF18634}.Debug|Any CPU.ActiveCfg = Debug|Any CPU
		{264DC7FF-BDCD-AB8B-CBB5-8804ADF18634}.Debug|Any CPU.Build.0 = Debug|Any CPU
		{264DC7FF-BDCD-AB8B-CBB5-8804ADF18634}.Release|Any CPU.ActiveCfg = Release|Any CPU
		{264DC7FF-BDCD-AB8B-CBB5-8804ADF18634}.Release|Any CPU.Build.0 = Release|Any CPU
	EndGlobalSection
	GlobalSection(SolutionProperties) = preSolution
		HideSolutionNode = FALSE
	EndGlobalSection
EndGlobal
